// !$*UTF8*$!
{
	archiveVersion = 1;
	classes = {
	};
	objectVersion = 46;
	objects = {

/* Begin PBXBuildFile section */
		468BFD4414AD22D000FECB92 /* UIKit.framework in Frameworks */ = {isa = PBXBuildFile; fileRef = 468BFD4314AD22D000FECB92 /* UIKit.framework */; };
		468BFD4614AD22D000FECB92 /* Foundation.framework in Frameworks */ = {isa = PBXBuildFile; fileRef = 468BFD4514AD22D000FECB92 /* Foundation.framework */; };
		468BFD4814AD22D000FECB92 /* CoreGraphics.framework in Frameworks */ = {isa = PBXBuildFile; fileRef = 468BFD4714AD22D000FECB92 /* CoreGraphics.framework */; };
		468BFD4E14AD22D000FECB92 /* InfoPlist.strings in Resources */ = {isa = PBXBuildFile; fileRef = 468BFD4C14AD22D000FECB92 /* InfoPlist.strings */; };
		468BFD5014AD22D000FECB92 /* main.m in Sources */ = {isa = PBXBuildFile; fileRef = 468BFD4F14AD22D000FECB92 /* main.m */; };
		468BFD5414AD22D000FECB92 /* AppDelegate.m in Sources */ = {isa = PBXBuildFile; fileRef = 468BFD5314AD22D000FECB92 /* AppDelegate.m */; };
		468BFD5714AD22D000FECB92 /* ViewController.m in Sources */ = {isa = PBXBuildFile; fileRef = 468BFD5614AD22D000FECB92 /* ViewController.m */; };
		468BFD5A14AD22D000FECB92 /* ViewController_iPhone.xib in Resources */ = {isa = PBXBuildFile; fileRef = 468BFD5814AD22D000FECB92 /* ViewController_iPhone.xib */; };
		468BFD5D14AD22D000FECB92 /* ViewController_iPad.xib in Resources */ = {isa = PBXBuildFile; fileRef = 468BFD5B14AD22D000FECB92 /* ViewController_iPad.xib */; };
		468BFD6514AD22D000FECB92 /* SenTestingKit.framework in Frameworks */ = {isa = PBXBuildFile; fileRef = 468BFD6414AD22D000FECB92 /* SenTestingKit.framework */; };
		468BFD6614AD22D000FECB92 /* UIKit.framework in Frameworks */ = {isa = PBXBuildFile; fileRef = 468BFD4314AD22D000FECB92 /* UIKit.framework */; };
		468BFD6714AD22D000FECB92 /* Foundation.framework in Frameworks */ = {isa = PBXBuildFile; fileRef = 468BFD4514AD22D000FECB92 /* Foundation.framework */; };
		468BFD6F14AD22D000FECB92 /* InfoPlist.strings in Resources */ = {isa = PBXBuildFile; fileRef = 468BFD6D14AD22D000FECB92 /* InfoPlist.strings */; };
		468BFD7214AD22D000FECB92 /* iOSDetailViewBuilderDemoTests.m in Sources */ = {isa = PBXBuildFile; fileRef = 468BFD7114AD22D000FECB92 /* iOSDetailViewBuilderDemoTests.m */; };
/* End PBXBuildFile section */

/* Begin PBXContainerItemProxy section */
		468BFD6814AD22D000FECB92 /* PBXContainerItemProxy */ = {
			isa = PBXContainerItemProxy;
			containerPortal = 468BFD3614AD22CF00FECB92 /* Project object */;
			proxyType = 1;
			remoteGlobalIDString = 468BFD3E14AD22CF00FECB92;
			remoteInfo = iOSDetailViewBuilderDemo;
		};
/* End PBXContainerItemProxy section */

/* Begin PBXFileReference section */
		468BFD3F14AD22CF00FECB92 /* iOSDetailViewBuilderDemo.app */ = {isa = PBXFileReference; explicitFileType = wrapper.application; includeInIndex = 0; path = iOSDetailViewBuilderDemo.app; sourceTree = BUILT_PRODUCTS_DIR; };
		468BFD4314AD22D000FECB92 /* UIKit.framework */ = {isa = PBXFileReference; lastKnownFileType = wrapper.framework; name = UIKit.framework; path = System/Library/Frameworks/UIKit.framework; sourceTree = SDKROOT; };
		468BFD4514AD22D000FECB92 /* Foundation.framework */ = {isa = PBXFileReference; lastKnownFileType = wrapper.framework; name = Foundation.framework; path = System/Library/Frameworks/Foundation.framework; sourceTree = SDKROOT; };
		468BFD4714AD22D000FECB92 /* CoreGraphics.framework */ = {isa = PBXFileReference; lastKnownFileType = wrapper.framework; name = CoreGraphics.framework; path = System/Library/Frameworks/CoreGraphics.framework; sourceTree = SDKROOT; };
		468BFD4B14AD22D000FECB92 /* iOSDetailViewBuilderDemo-Info.plist */ = {isa = PBXFileReference; lastKnownFileType = text.plist.xml; path = "iOSDetailViewBuilderDemo-Info.plist"; sourceTree = "<group>"; };
		468BFD4D14AD22D000FECB92 /* en */ = {isa = PBXFileReference; lastKnownFileType = text.plist.strings; name = en; path = en.lproj/InfoPlist.strings; sourceTree = "<group>"; };
		468BFD4F14AD22D000FECB92 /* main.m */ = {isa = PBXFileReference; lastKnownFileType = sourcecode.c.objc; path = main.m; sourceTree = "<group>"; };
		468BFD5114AD22D000FECB92 /* iOSDetailViewBuilderDemo-Prefix.pch */ = {isa = PBXFileReference; lastKnownFileType = sourcecode.c.h; path = "iOSDetailViewBuilderDemo-Prefix.pch"; sourceTree = "<group>"; };
		468BFD5214AD22D000FECB92 /* AppDelegate.h */ = {isa = PBXFileReference; lastKnownFileType = sourcecode.c.h; path = AppDelegate.h; sourceTree = "<group>"; };
		468BFD5314AD22D000FECB92 /* AppDelegate.m */ = {isa = PBXFileReference; lastKnownFileType = sourcecode.c.objc; path = AppDelegate.m; sourceTree = "<group>"; };
		468BFD5514AD22D000FECB92 /* ViewController.h */ = {isa = PBXFileReference; lastKnownFileType = sourcecode.c.h; path = ViewController.h; sourceTree = "<group>"; };
		468BFD5614AD22D000FECB92 /* ViewController.m */ = {isa = PBXFileReference; lastKnownFileType = sourcecode.c.objc; path = ViewController.m; sourceTree = "<group>"; };
		468BFD5914AD22D000FECB92 /* en */ = {isa = PBXFileReference; lastKnownFileType = file.xib; name = en; path = en.lproj/ViewController_iPhone.xib; sourceTree = "<group>"; };
		468BFD5C14AD22D000FECB92 /* en */ = {isa = PBXFileReference; lastKnownFileType = file.xib; name = en; path = en.lproj/ViewController_iPad.xib; sourceTree = "<group>"; };
		468BFD6314AD22D000FECB92 /* iOSDetailViewBuilderDemoTests.octest */ = {isa = PBXFileReference; explicitFileType = wrapper.cfbundle; includeInIndex = 0; path = iOSDetailViewBuilderDemoTests.octest; sourceTree = BUILT_PRODUCTS_DIR; };
		468BFD6414AD22D000FECB92 /* SenTestingKit.framework */ = {isa = PBXFileReference; lastKnownFileType = wrapper.framework; name = SenTestingKit.framework; path = Library/Frameworks/SenTestingKit.framework; sourceTree = DEVELOPER_DIR; };
		468BFD6C14AD22D000FECB92 /* iOSDetailViewBuilderDemoTests-Info.plist */ = {isa = PBXFileReference; lastKnownFileType = text.plist.xml; path = "iOSDetailViewBuilderDemoTests-Info.plist"; sourceTree = "<group>"; };
		468BFD6E14AD22D000FECB92 /* en */ = {isa = PBXFileReference; lastKnownFileType = text.plist.strings; name = en; path = en.lproj/InfoPlist.strings; sourceTree = "<group>"; };
		468BFD7014AD22D000FECB92 /* iOSDetailViewBuilderDemoTests.h */ = {isa = PBXFileReference; lastKnownFileType = sourcecode.c.h; path = iOSDetailViewBuilderDemoTests.h; sourceTree = "<group>"; };
		468BFD7114AD22D000FECB92 /* iOSDetailViewBuilderDemoTests.m */ = {isa = PBXFileReference; lastKnownFileType = sourcecode.c.objc; path = iOSDetailViewBuilderDemoTests.m; sourceTree = "<group>"; };
/* End PBXFileReference section */

/* Begin PBXFrameworksBuildPhase section */
		468BFD3C14AD22CF00FECB92 /* Frameworks */ = {
			isa = PBXFrameworksBuildPhase;
			buildActionMask = 2147483647;
			files = (
				468BFD4414AD22D000FECB92 /* UIKit.framework in Frameworks */,
				468BFD4614AD22D000FECB92 /* Foundation.framework in Frameworks */,
				468BFD4814AD22D000FECB92 /* CoreGraphics.framework in Frameworks */,
			);
			runOnlyForDeploymentPostprocessing = 0;
		};
		468BFD5F14AD22D000FECB92 /* Frameworks */ = {
			isa = PBXFrameworksBuildPhase;
			buildActionMask = 2147483647;
			files = (
				468BFD6514AD22D000FECB92 /* SenTestingKit.framework in Frameworks */,
				468BFD6614AD22D000FECB92 /* UIKit.framework in Frameworks */,
				468BFD6714AD22D000FECB92 /* Foundation.framework in Frameworks */,
			);
			runOnlyForDeploymentPostprocessing = 0;
		};
/* End PBXFrameworksBuildPhase section */

/* Begin PBXGroup section */
		468BFD3414AD22CF00FECB92 = {
			isa = PBXGroup;
			children = (
				468BFD4914AD22D000FECB92 /* iOSDetailViewBuilderDemo */,
				468BFD6A14AD22D000FECB92 /* iOSDetailViewBuilderDemoTests */,
				468BFD4214AD22D000FECB92 /* Frameworks */,
				468BFD4014AD22CF00FECB92 /* Products */,
			);
			sourceTree = "<group>";
		};
		468BFD4014AD22CF00FECB92 /* Products */ = {
			isa = PBXGroup;
			children = (
				468BFD3F14AD22CF00FECB92 /* iOSDetailViewBuilderDemo.app */,
				468BFD6314AD22D000FECB92 /* iOSDetailViewBuilderDemoTests.octest */,
			);
			name = Products;
			sourceTree = "<group>";
		};
		468BFD4214AD22D000FECB92 /* Frameworks */ = {
			isa = PBXGroup;
			children = (
				468BFD4314AD22D000FECB92 /* UIKit.framework */,
				468BFD4514AD22D000FECB92 /* Foundation.framework */,
				468BFD4714AD22D000FECB92 /* CoreGraphics.framework */,
				468BFD6414AD22D000FECB92 /* SenTestingKit.framework */,
			);
			name = Frameworks;
			sourceTree = "<group>";
		};
		468BFD4914AD22D000FECB92 /* iOSDetailViewBuilderDemo */ = {
			isa = PBXGroup;
			children = (
				468BFD5214AD22D000FECB92 /* AppDelegate.h */,
				468BFD5314AD22D000FECB92 /* AppDelegate.m */,
				468BFD5514AD22D000FECB92 /* ViewController.h */,
				468BFD5614AD22D000FECB92 /* ViewController.m */,
				468BFD5814AD22D000FECB92 /* ViewController_iPhone.xib */,
				468BFD5B14AD22D000FECB92 /* ViewController_iPad.xib */,
				468BFD4A14AD22D000FECB92 /* Supporting Files */,
			);
			path = iOSDetailViewBuilderDemo;
			sourceTree = "<group>";
		};
		468BFD4A14AD22D000FECB92 /* Supporting Files */ = {
			isa = PBXGroup;
			children = (
				468BFD4B14AD22D000FECB92 /* iOSDetailViewBuilderDemo-Info.plist */,
				468BFD4C14AD22D000FECB92 /* InfoPlist.strings */,
				468BFD4F14AD22D000FECB92 /* main.m */,
				468BFD5114AD22D000FECB92 /* iOSDetailViewBuilderDemo-Prefix.pch */,
			);
			name = "Supporting Files";
			sourceTree = "<group>";
		};
		468BFD6A14AD22D000FECB92 /* iOSDetailViewBuilderDemoTests */ = {
			isa = PBXGroup;
			children = (
				468BFD7014AD22D000FECB92 /* iOSDetailViewBuilderDemoTests.h */,
				468BFD7114AD22D000FECB92 /* iOSDetailViewBuilderDemoTests.m */,
				468BFD6B14AD22D000FECB92 /* Supporting Files */,
			);
			path = iOSDetailViewBuilderDemoTests;
			sourceTree = "<group>";
		};
		468BFD6B14AD22D000FECB92 /* Supporting Files */ = {
			isa = PBXGroup;
			children = (
				468BFD6C14AD22D000FECB92 /* iOSDetailViewBuilderDemoTests-Info.plist */,
				468BFD6D14AD22D000FECB92 /* InfoPlist.strings */,
			);
			name = "Supporting Files";
			sourceTree = "<group>";
		};
/* End PBXGroup section */

/* Begin PBXNativeTarget section */
		468BFD3E14AD22CF00FECB92 /* iOSDetailViewBuilderDemo */ = {
			isa = PBXNativeTarget;
			buildConfigurationList = 468BFD7514AD22D000FECB92 /* Build configuration list for PBXNativeTarget "iOSDetailViewBuilderDemo" */;
			buildPhases = (
				468BFD3B14AD22CF00FECB92 /* Sources */,
				468BFD3C14AD22CF00FECB92 /* Frameworks */,
				468BFD3D14AD22CF00FECB92 /* Resources */,
			);
			buildRules = (
			);
			dependencies = (
			);
			name = iOSDetailViewBuilderDemo;
			productName = iOSDetailViewBuilderDemo;
			productReference = 468BFD3F14AD22CF00FECB92 /* iOSDetailViewBuilderDemo.app */;
			productType = "com.apple.product-type.application";
		};
		468BFD6214AD22D000FECB92 /* iOSDetailViewBuilderDemoTests */ = {
			isa = PBXNativeTarget;
			buildConfigurationList = 468BFD7814AD22D000FECB92 /* Build configuration list for PBXNativeTarget "iOSDetailViewBuilderDemoTests" */;
			buildPhases = (
				468BFD5E14AD22D000FECB92 /* Sources */,
				468BFD5F14AD22D000FECB92 /* Frameworks */,
				468BFD6014AD22D000FECB92 /* Resources */,
				468BFD6114AD22D000FECB92 /* ShellScript */,
			);
			buildRules = (
			);
			dependencies = (
				468BFD6914AD22D000FECB92 /* PBXTargetDependency */,
			);
			name = iOSDetailViewBuilderDemoTests;
			productName = iOSDetailViewBuilderDemoTests;
			productReference = 468BFD6314AD22D000FECB92 /* iOSDetailViewBuilderDemoTests.octest */;
			productType = "com.apple.product-type.bundle";
		};
/* End PBXNativeTarget section */

/* Begin PBXProject section */
		468BFD3614AD22CF00FECB92 /* Project object */ = {
			isa = PBXProject;
			attributes = {
				LastUpgradeCheck = 0430;
			};
			buildConfigurationList = 468BFD3914AD22CF00FECB92 /* Build configuration list for PBXProject "iOSDetailViewBuilderDemo" */;
			compatibilityVersion = "Xcode 3.2";
			developmentRegion = English;
			hasScannedForEncodings = 0;
			knownRegions = (
				en,
			);
			mainGroup = 468BFD3414AD22CF00FECB92;
			productRefGroup = 468BFD4014AD22CF00FECB92 /* Products */;
			projectDirPath = "";
			projectRoot = "";
			targets = (
				468BFD3E14AD22CF00FECB92 /* iOSDetailViewBuilderDemo */,
				468BFD6214AD22D000FECB92 /* iOSDetailViewBuilderDemoTests */,
			);
		};
/* End PBXProject section */

/* Begin PBXResourcesBuildPhase section */
		468BFD3D14AD22CF00FECB92 /* Resources */ = {
			isa = PBXResourcesBuildPhase;
			buildActionMask = 2147483647;
			files = (
				468BFD4E14AD22D000FECB92 /* InfoPlist.strings in Resources */,
				468BFD5A14AD22D000FECB92 /* ViewController_iPhone.xib in Resources */,
				468BFD5D14AD22D000FECB92 /* ViewController_iPad.xib in Resources */,
			);
			runOnlyForDeploymentPostprocessing = 0;
		};
		468BFD6014AD22D000FECB92 /* Resources */ = {
			isa = PBXResourcesBuildPhase;
			buildActionMask = 2147483647;
			files = (
				468BFD6F14AD22D000FECB92 /* InfoPlist.strings in Resources */,
			);
			runOnlyForDeploymentPostprocessing = 0;
		};
/* End PBXResourcesBuildPhase section */

/* Begin PBXShellScriptBuildPhase section */
		468BFD6114AD22D000FECB92 /* ShellScript */ = {
			isa = PBXShellScriptBuildPhase;
			buildActionMask = 2147483647;
			files = (
			);
			inputPaths = (
			);
			outputPaths = (
			);
			runOnlyForDeploymentPostprocessing = 0;
			shellPath = /bin/sh;
			shellScript = "# Run the unit tests in this test bundle.\n\"${SYSTEM_DEVELOPER_DIR}/Tools/RunUnitTests\"\n";
		};
/* End PBXShellScriptBuildPhase section */

/* Begin PBXSourcesBuildPhase section */
		468BFD3B14AD22CF00FECB92 /* Sources */ = {
			isa = PBXSourcesBuildPhase;
			buildActionMask = 2147483647;
			files = (
				468BFD5014AD22D000FECB92 /* main.m in Sources */,
				468BFD5414AD22D000FECB92 /* AppDelegate.m in Sources */,
				468BFD5714AD22D000FECB92 /* ViewController.m in Sources */,
			);
			runOnlyForDeploymentPostprocessing = 0;
		};
		468BFD5E14AD22D000FECB92 /* Sources */ = {
			isa = PBXSourcesBuildPhase;
			buildActionMask = 2147483647;
			files = (
				468BFD7214AD22D000FECB92 /* iOSDetailViewBuilderDemoTests.m in Sources */,
			);
			runOnlyForDeploymentPostprocessing = 0;
		};
/* End PBXSourcesBuildPhase section */

/* Begin PBXTargetDependency section */
		468BFD6914AD22D000FECB92 /* PBXTargetDependency */ = {
			isa = PBXTargetDependency;
			target = 468BFD3E14AD22CF00FECB92 /* iOSDetailViewBuilderDemo */;
			targetProxy = 468BFD6814AD22D000FECB92 /* PBXContainerItemProxy */;
		};
/* End PBXTargetDependency section */

/* Begin PBXVariantGroup section */
		468BFD4C14AD22D000FECB92 /* InfoPlist.strings */ = {
			isa = PBXVariantGroup;
			children = (
				468BFD4D14AD22D000FECB92 /* en */,
			);
			name = InfoPlist.strings;
			sourceTree = "<group>";
		};
		468BFD5814AD22D000FECB92 /* ViewController_iPhone.xib */ = {
			isa = PBXVariantGroup;
			children = (
				468BFD5914AD22D000FECB92 /* en */,
			);
			name = ViewController_iPhone.xib;
			sourceTree = "<group>";
		};
		468BFD5B14AD22D000FECB92 /* ViewController_iPad.xib */ = {
			isa = PBXVariantGroup;
			children = (
				468BFD5C14AD22D000FECB92 /* en */,
			);
			name = ViewController_iPad.xib;
			sourceTree = "<group>";
		};
		468BFD6D14AD22D000FECB92 /* InfoPlist.strings */ = {
			isa = PBXVariantGroup;
			children = (
				468BFD6E14AD22D000FECB92 /* en */,
			);
			name = InfoPlist.strings;
			sourceTree = "<group>";
		};
/* End PBXVariantGroup section */

/* Begin XCBuildConfiguration section */
		468BFD7314AD22D000FECB92 /* Debug */ = {
			isa = XCBuildConfiguration;
			buildSettings = {
				ALWAYS_SEARCH_USER_PATHS = NO;
				ARCHS = "$(ARCHS_STANDARD_32_BIT)";
				CLANG_ENABLE_OBJC_ARC = YES;
				"CODE_SIGN_IDENTITY[sdk=iphoneos*]" = "iPhone Developer";
				COPY_PHASE_STRIP = NO;
				GCC_C_LANGUAGE_STANDARD = gnu99;
				GCC_DYNAMIC_NO_PIC = NO;
				GCC_OPTIMIZATION_LEVEL = 0;
				GCC_PREPROCESSOR_DEFINITIONS = (
					"DEBUG=1",
					"$(inherited)",
				);
				GCC_SYMBOLS_PRIVATE_EXTERN = NO;
				GCC_VERSION = com.apple.compilers.llvm.clang.1_0;
				GCC_WARN_ABOUT_RETURN_TYPE = YES;
				GCC_WARN_UNINITIALIZED_AUTOS = YES;
				GCC_WARN_UNUSED_VARIABLE = YES;
				IPHONEOS_DEPLOYMENT_TARGET = 5.1;
				SDKROOT = iphoneos;
				TARGETED_DEVICE_FAMILY = "1,2";
			};
			name = Debug;
		};
		468BFD7414AD22D000FECB92 /* Release */ = {
			isa = XCBuildConfiguration;
			buildSettings = {
				ALWAYS_SEARCH_USER_PATHS = NO;
				ARCHS = "$(ARCHS_STANDARD_32_BIT)";
				CLANG_ENABLE_OBJC_ARC = YES;
				"CODE_SIGN_IDENTITY[sdk=iphoneos*]" = "iPhone Developer";
				COPY_PHASE_STRIP = YES;
				GCC_C_LANGUAGE_STANDARD = gnu99;
				GCC_VERSION = com.apple.compilers.llvm.clang.1_0;
				GCC_WARN_ABOUT_RETURN_TYPE = YES;
				GCC_WARN_UNINITIALIZED_AUTOS = YES;
				GCC_WARN_UNUSED_VARIABLE = YES;
				IPHONEOS_DEPLOYMENT_TARGET = 5.1;
				OTHER_CFLAGS = "-DNS_BLOCK_ASSERTIONS=1";
				SDKROOT = iphoneos;
				TARGETED_DEVICE_FAMILY = "1,2";
				VALIDATE_PRODUCT = YES;
			};
			name = Release;
		};
		468BFD7614AD22D000FECB92 /* Debug */ = {
			isa = XCBuildConfiguration;
			buildSettings = {
				GCC_PRECOMPILE_PREFIX_HEADER = YES;
				GCC_PREFIX_HEADER = "iOSDetailViewBuilderDemo/iOSDetailViewBuilderDemo-Prefix.pch";
				INFOPLIST_FILE = "iOSDetailViewBuilderDemo/iOSDetailViewBuilderDemo-Info.plist";
				PRODUCT_NAME = "$(TARGET_NAME)";
				WRAPPER_EXTENSION = app;
			};
			name = Debug;
		};
		468BFD7714AD22D000FECB92 /* Release */ = {
			isa = XCBuildConfiguration;
			buildSettings = {
				GCC_PRECOMPILE_PREFIX_HEADER = YES;
				GCC_PREFIX_HEADER = "iOSDetailViewBuilderDemo/iOSDetailViewBuilderDemo-Prefix.pch";
				INFOPLIST_FILE = "iOSDetailViewBuilderDemo/iOSDetailViewBuilderDemo-Info.plist";
				PRODUCT_NAME = "$(TARGET_NAME)";
				WRAPPER_EXTENSION = app;
			};
			name = Release;
		};
		468BFD7914AD22D000FECB92 /* Debug */ = {
			isa = XCBuildConfiguration;
			buildSettings = {
				BUNDLE_LOADER = "$(BUILT_PRODUCTS_DIR)/iOSDetailViewBuilderDemo.app/iOSDetailViewBuilderDemo";
				FRAMEWORK_SEARCH_PATHS = (
					"$(SDKROOT)/Developer/Library/Frameworks",
					"$(DEVELOPER_LIBRARY_DIR)/Frameworks",
				);
				GCC_PRECOMPILE_PREFIX_HEADER = YES;
				GCC_PREFIX_HEADER = "iOSDetailViewBuilderDemo/iOSDetailViewBuilderDemo-Prefix.pch";
				INFOPLIST_FILE = "iOSDetailViewBuilderDemoTests/iOSDetailViewBuilderDemoTests-Info.plist";
				PRODUCT_NAME = "$(TARGET_NAME)";
				TEST_HOST = "$(BUNDLE_LOADER)";
				WRAPPER_EXTENSION = octest;
			};
			name = Debug;
		};
		468BFD7A14AD22D000FECB92 /* Release */ = {
			isa = XCBuildConfiguration;
			buildSettings = {
				BUNDLE_LOADER = "$(BUILT_PRODUCTS_DIR)/iOSDetailViewBuilderDemo.app/iOSDetailViewBuilderDemo";
				FRAMEWORK_SEARCH_PATHS = (
					"$(SDKROOT)/Developer/Library/Frameworks",
					"$(DEVELOPER_LIBRARY_DIR)/Frameworks",
				);
				GCC_PRECOMPILE_PREFIX_HEADER = YES;
				GCC_PREFIX_HEADER = "iOSDetailViewBuilderDemo/iOSDetailViewBuilderDemo-Prefix.pch";
				INFOPLIST_FILE = "iOSDetailViewBuilderDemoTests/iOSDetailViewBuilderDemoTests-Info.plist";
				PRODUCT_NAME = "$(TARGET_NAME)";
				TEST_HOST = "$(BUNDLE_LOADER)";
				WRAPPER_EXTENSION = octest;
			};
			name = Release;
		};
/* End XCBuildConfiguration section */

/* Begin XCConfigurationList section */
		468BFD3914AD22CF00FECB92 /* Build configuration list for PBXProject "iOSDetailViewBuilderDemo" */ = {
			isa = XCConfigurationList;
			buildConfigurations = (
				468BFD7314AD22D000FECB92 /* Debug */,
				468BFD7414AD22D000FECB92 /* Release */,
			);
			defaultConfigurationIsVisible = 0;
			defaultConfigurationName = Release;
		};
		468BFD7514AD22D000FECB92 /* Build configuration list for PBXNativeTarget "iOSDetailViewBuilderDemo" */ = {
			isa = XCConfigurationList;
			buildConfigurations = (
				468BFD7614AD22D000FECB92 /* Debug */,
				468BFD7714AD22D000FECB92 /* Release */,
			);
			defaultConfigurationIsVisible = 0;
		};
		468BFD7814AD22D000FECB92 /* Build configuration list for PBXNativeTarget "iOSDetailViewBuilderDemoTests" */ = {
			isa = XCConfigurationList;
			buildConfigurations = (
				468BFD7914AD22D000FECB92 /* Debug */,
				468BFD7A14AD22D000FECB92 /* Release */,
			);
			defaultConfigurationIsVisible = 0;
		};
/* End XCConfigurationList section */
	};
	rootObject = 468BFD3614AD22CF00FECB92 /* Project object */;
}
