// !$*UTF8*$!
{
	archiveVersion = 1;
	classes = {
	};
	objectVersion = 46;
	objects = {

/* Begin PBXBuildFile section */
		466AEE9F14B1566900C6FFD5 /* TTGlobalUICommon.h in Headers */ = {isa = PBXBuildFile; fileRef = 466AEE9D14B1566900C6FFD5 /* TTGlobalUICommon.h */; };
		466AEEA014B1566900C6FFD5 /* TTGlobalUICommon.m in Sources */ = {isa = PBXBuildFile; fileRef = 466AEE9E14B1566900C6FFD5 /* TTGlobalUICommon.m */; };
		466AEEA214B157E700C6FFD5 /* UIWindowAdditions.m in Sources */ = {isa = PBXBuildFile; fileRef = 466AEEA114B157E700C6FFD5 /* UIWindowAdditions.m */; };
		466AEEA414B157ED00C6FFD5 /* UIWindowAdditions.h in Headers */ = {isa = PBXBuildFile; fileRef = 466AEEA314B157ED00C6FFD5 /* UIWindowAdditions.h */; };
		466AEEA714B15A6800C6FFD5 /* DVB_ExpandableTextView.h in Headers */ = {isa = PBXBuildFile; fileRef = 466AEEA514B15A6700C6FFD5 /* DVB_ExpandableTextView.h */; };
		466AEEA814B15A6800C6FFD5 /* DVB_ExpandableTextView.m in Sources */ = {isa = PBXBuildFile; fileRef = 466AEEA614B15A6700C6FFD5 /* DVB_ExpandableTextView.m */; };
		466AEEAA14B15C9000C6FFD5 /* TTCorePreprocessorMacros.h in Headers */ = {isa = PBXBuildFile; fileRef = 466AEEA914B15C8F00C6FFD5 /* TTCorePreprocessorMacros.h */; };
		468BFD0B14AD22A800FECB92 /* Foundation.framework in Frameworks */ = {isa = PBXBuildFile; fileRef = 468BFD0A14AD22A800FECB92 /* Foundation.framework */; };
		468BFD1914AD22A800FECB92 /* SenTestingKit.framework in Frameworks */ = {isa = PBXBuildFile; fileRef = 468BFD1814AD22A800FECB92 /* SenTestingKit.framework */; };
		468BFD1C14AD22A800FECB92 /* Foundation.framework in Frameworks */ = {isa = PBXBuildFile; fileRef = 468BFD0A14AD22A800FECB92 /* Foundation.framework */; };
		468BFD1F14AD22A800FECB92 /* libiOSDetailViewBuilder.a in Frameworks */ = {isa = PBXBuildFile; fileRef = 468BFD0714AD22A800FECB92 /* libiOSDetailViewBuilder.a */; };
		468BFD2514AD22A800FECB92 /* InfoPlist.strings in Resources */ = {isa = PBXBuildFile; fileRef = 468BFD2314AD22A800FECB92 /* InfoPlist.strings */; };
		468BFD2814AD22A800FECB92 /* iOSDetailViewBuilderTests.m in Sources */ = {isa = PBXBuildFile; fileRef = 468BFD2714AD22A800FECB92 /* iOSDetailViewBuilderTests.m */; };
		468BFDE014AD251C00FECB92 /* DVB_DetailViewButtonCell.h in Headers */ = {isa = PBXBuildFile; fileRef = 468BFDBF14AD251C00FECB92 /* DVB_DetailViewButtonCell.h */; };
		468BFDE114AD251C00FECB92 /* DVB_DetailViewButtonCell.m in Sources */ = {isa = PBXBuildFile; fileRef = 468BFDC014AD251C00FECB92 /* DVB_DetailViewButtonCell.m */; };
		468BFDE214AD251C00FECB92 /* DVB_DetailViewDateCell.h in Headers */ = {isa = PBXBuildFile; fileRef = 468BFDC114AD251C00FECB92 /* DVB_DetailViewDateCell.h */; };
		468BFDE314AD251C00FECB92 /* DVB_DetailViewDateCell.m in Sources */ = {isa = PBXBuildFile; fileRef = 468BFDC214AD251C00FECB92 /* DVB_DetailViewDateCell.m */; };
		468BFDE614AD251C00FECB92 /* DVB_DetailViewStringCell.h in Headers */ = {isa = PBXBuildFile; fileRef = 468BFDC514AD251C00FECB92 /* DVB_DetailViewStringCell.h */; };
		468BFDE714AD251C00FECB92 /* DVB_DetailViewStringCell.m in Sources */ = {isa = PBXBuildFile; fileRef = 468BFDC614AD251C00FECB92 /* DVB_DetailViewStringCell.m */; };
		468BFDE814AD251C00FECB92 /* DVB_DetailViewSwitchCell.h in Headers */ = {isa = PBXBuildFile; fileRef = 468BFDC714AD251C00FECB92 /* DVB_DetailViewSwitchCell.h */; };
		468BFDE914AD251C00FECB92 /* DVB_DetailViewSwitchCell.m in Sources */ = {isa = PBXBuildFile; fileRef = 468BFDC814AD251C00FECB92 /* DVB_DetailViewSwitchCell.m */; };
		468BFDEC14AD251C00FECB92 /* DVB_DetailViewCoreDataDataManager.h in Headers */ = {isa = PBXBuildFile; fileRef = 468BFDCC14AD251C00FECB92 /* DVB_DetailViewCoreDataDataManager.h */; };
		468BFDED14AD251C00FECB92 /* DVB_DetailViewCoreDataDataManager.m in Sources */ = {isa = PBXBuildFile; fileRef = 468BFDCD14AD251C00FECB92 /* DVB_DetailViewCoreDataDataManager.m */; };
		468BFDEE14AD251C00FECB92 /* DVB_DetailViewNSUserDefaultsDataManager.h in Headers */ = {isa = PBXBuildFile; fileRef = 468BFDCE14AD251C00FECB92 /* DVB_DetailViewNSUserDefaultsDataManager.h */; };
		468BFDEF14AD251C00FECB92 /* DVB_DetailViewNSUserDefaultsDataManager.m in Sources */ = {isa = PBXBuildFile; fileRef = 468BFDCF14AD251C00FECB92 /* DVB_DetailViewNSUserDefaultsDataManager.m */; };
		468BFDF014AD251C00FECB92 /* DVB_DetailViewNullDataManager.h in Headers */ = {isa = PBXBuildFile; fileRef = 468BFDD014AD251C00FECB92 /* DVB_DetailViewNullDataManager.h */; };
		468BFDF114AD251C00FECB92 /* DVB_DetailViewNullDataManager.m in Sources */ = {isa = PBXBuildFile; fileRef = 468BFDD114AD251C00FECB92 /* DVB_DetailViewNullDataManager.m */; };
		468BFDF214AD251C00FECB92 /* DVB_DetailViewObjectDataManager.h in Headers */ = {isa = PBXBuildFile; fileRef = 468BFDD214AD251C00FECB92 /* DVB_DetailViewObjectDataManager.h */; };
		468BFDF314AD251C00FECB92 /* DVB_DetailViewObjectDataManager.m in Sources */ = {isa = PBXBuildFile; fileRef = 468BFDD314AD251C00FECB92 /* DVB_DetailViewObjectDataManager.m */; };
		468BFDF414AD251C00FECB92 /* DetailViewEventNameCell.m in Sources */ = {isa = PBXBuildFile; fileRef = 468BFDD414AD251C00FECB92 /* DetailViewEventNameCell.m */; };
		468BFDF514AD251C00FECB92 /* DetailViewEventNameCell.h in Headers */ = {isa = PBXBuildFile; fileRef = 468BFDD514AD251C00FECB92 /* DetailViewEventNameCell.h */; };
		468BFDF614AD251C00FECB92 /* DVB_DetailView.h in Headers */ = {isa = PBXBuildFile; fileRef = 468BFDD614AD251C00FECB92 /* DVB_DetailView.h */; };
		468BFDF714AD251C00FECB92 /* DVB_DetailViewBuilder.h in Headers */ = {isa = PBXBuildFile; fileRef = 468BFDD714AD251C00FECB92 /* DVB_DetailViewBuilder.h */; };
		468BFDF814AD251C00FECB92 /* DVB_DetailViewBuilder.m in Sources */ = {isa = PBXBuildFile; fileRef = 468BFDD814AD251C00FECB92 /* DVB_DetailViewBuilder.m */; };
		468BFDF914AD251C00FECB92 /* DVB_DetailViewCellTypes.h in Headers */ = {isa = PBXBuildFile; fileRef = 468BFDD914AD251C00FECB92 /* DVB_DetailViewCellTypes.h */; };
		468BFDFA14AD251C00FECB92 /* DVB_DetailViewDataManager.h in Headers */ = {isa = PBXBuildFile; fileRef = 468BFDDA14AD251C00FECB92 /* DVB_DetailViewDataManager.h */; };
		468BFDFB14AD251C00FECB92 /* DVB_DetailViewDataManager.m in Sources */ = {isa = PBXBuildFile; fileRef = 468BFDDB14AD251C00FECB92 /* DVB_DetailViewDataManager.m */; };
		468BFDFC14AD251C00FECB92 /* DVB_DetailViewGroup.h in Headers */ = {isa = PBXBuildFile; fileRef = 468BFDDC14AD251C00FECB92 /* DVB_DetailViewGroup.h */; };
		468BFDFD14AD251C00FECB92 /* DVB_DetailViewGroup.m in Sources */ = {isa = PBXBuildFile; fileRef = 468BFDDD14AD251C00FECB92 /* DVB_DetailViewGroup.m */; };
		468BFDFE14AD251C00FECB92 /* DVB_DetailViewItem.h in Headers */ = {isa = PBXBuildFile; fileRef = 468BFDDE14AD251C00FECB92 /* DVB_DetailViewItem.h */; };
		468BFDFF14AD251C00FECB92 /* DVB_DetailViewItem.m in Sources */ = {isa = PBXBuildFile; fileRef = 468BFDDF14AD251C00FECB92 /* DVB_DetailViewItem.m */; };
		468BFE0114AD272A00FECB92 /* DVB_DetailViewDataManagerTypes.h in Headers */ = {isa = PBXBuildFile; fileRef = 468BFE0014AD272A00FECB92 /* DVB_DetailViewDataManagerTypes.h */; };
		468BFE0314AD2ADE00FECB92 /* UIKit.framework in Frameworks */ = {isa = PBXBuildFile; fileRef = 468BFE0214AD2ADE00FECB92 /* UIKit.framework */; };
		46D3027614B9280D00D473B2 /* UIKit.framework in Frameworks */ = {isa = PBXBuildFile; fileRef = 468BFE0214AD2ADE00FECB92 /* UIKit.framework */; };
		46D3027714B9280D00D473B2 /* Foundation.framework in Frameworks */ = {isa = PBXBuildFile; fileRef = 468BFD0A14AD22A800FECB92 /* Foundation.framework */; };
		46D3027914B9280D00D473B2 /* CoreGraphics.framework in Frameworks */ = {isa = PBXBuildFile; fileRef = 46D3027814B9280D00D473B2 /* CoreGraphics.framework */; };
		46D3027B14B9280D00D473B2 /* CoreData.framework in Frameworks */ = {isa = PBXBuildFile; fileRef = 46D3027A14B9280D00D473B2 /* CoreData.framework */; };
		46D3028114B9280D00D473B2 /* InfoPlist.strings in Resources */ = {isa = PBXBuildFile; fileRef = 46D3027F14B9280D00D473B2 /* InfoPlist.strings */; };
		46D3028314B9280D00D473B2 /* main.m in Sources */ = {isa = PBXBuildFile; fileRef = 46D3028214B9280D00D473B2 /* main.m */; };
		46D3028714B9280D00D473B2 /* AppDelegate.m in Sources */ = {isa = PBXBuildFile; fileRef = 46D3028614B9280D00D473B2 /* AppDelegate.m */; };
		46D3028A14B9280D00D473B2 /* iOSDetailViewBuilderDemo.xcdatamodeld in Sources */ = {isa = PBXBuildFile; fileRef = 46D3028814B9280D00D473B2 /* iOSDetailViewBuilderDemo.xcdatamodeld */; };
		46D3029914B929E200D473B2 /* libiOSDetailViewBuilder.a in Frameworks */ = {isa = PBXBuildFile; fileRef = 468BFD0714AD22A800FECB92 /* libiOSDetailViewBuilder.a */; };
		46D302D614B92B2000D473B2 /* NSUserDefaultsDemoController.m in Sources */ = {isa = PBXBuildFile; fileRef = 46D302D414B92B2000D473B2 /* NSUserDefaultsDemoController.m */; };
		46D302D714B92B2000D473B2 /* NSUserDefaultsDemoController.xib in Resources */ = {isa = PBXBuildFile; fileRef = 46D302D514B92B2000D473B2 /* NSUserDefaultsDemoController.xib */; };
		46D302DC14B92CE200D473B2 /* Person.m in Sources */ = {isa = PBXBuildFile; fileRef = 46D302DB14B92CE200D473B2 /* Person.m */; };
		46D302E014B92CFF00D473B2 /* CoreDataDemoController.m in Sources */ = {isa = PBXBuildFile; fileRef = 46D302DE14B92CFF00D473B2 /* CoreDataDemoController.m */; };
		46D302E114B92CFF00D473B2 /* CoreDataDemoController.xib in Resources */ = {isa = PBXBuildFile; fileRef = 46D302DF14B92CFF00D473B2 /* CoreDataDemoController.xib */; };
/* End PBXBuildFile section */

/* Begin PBXContainerItemProxy section */
		468BFD1D14AD22A800FECB92 /* PBXContainerItemProxy */ = {
			isa = PBXContainerItemProxy;
			containerPortal = 468BFCFE14AD22A800FECB92 /* Project object */;
			proxyType = 1;
			remoteGlobalIDString = 468BFD0614AD22A800FECB92;
			remoteInfo = iOSDetailViewBuilder;
		};
		46D302D814B92B7100D473B2 /* PBXContainerItemProxy */ = {
			isa = PBXContainerItemProxy;
			containerPortal = 468BFCFE14AD22A800FECB92 /* Project object */;
			proxyType = 1;
			remoteGlobalIDString = 468BFD0614AD22A800FECB92;
			remoteInfo = iOSDetailViewBuilder;
		};
/* End PBXContainerItemProxy section */

/* Begin PBXFileReference section */
		466AEE9D14B1566900C6FFD5 /* TTGlobalUICommon.h */ = {isa = PBXFileReference; fileEncoding = 4; lastKnownFileType = sourcecode.c.h; path = TTGlobalUICommon.h; sourceTree = "<group>"; };
		466AEE9E14B1566900C6FFD5 /* TTGlobalUICommon.m */ = {isa = PBXFileReference; fileEncoding = 4; lastKnownFileType = sourcecode.c.objc; path = TTGlobalUICommon.m; sourceTree = "<group>"; };
		466AEEA114B157E700C6FFD5 /* UIWindowAdditions.m */ = {isa = PBXFileReference; fileEncoding = 4; lastKnownFileType = sourcecode.c.objc; path = UIWindowAdditions.m; sourceTree = "<group>"; };
		466AEEA314B157ED00C6FFD5 /* UIWindowAdditions.h */ = {isa = PBXFileReference; fileEncoding = 4; lastKnownFileType = sourcecode.c.h; path = UIWindowAdditions.h; sourceTree = "<group>"; };
		466AEEA514B15A6700C6FFD5 /* DVB_ExpandableTextView.h */ = {isa = PBXFileReference; fileEncoding = 4; lastKnownFileType = sourcecode.c.h; path = DVB_ExpandableTextView.h; sourceTree = "<group>"; };
		466AEEA614B15A6700C6FFD5 /* DVB_ExpandableTextView.m */ = {isa = PBXFileReference; fileEncoding = 4; lastKnownFileType = sourcecode.c.objc; path = DVB_ExpandableTextView.m; sourceTree = "<group>"; };
		466AEEA914B15C8F00C6FFD5 /* TTCorePreprocessorMacros.h */ = {isa = PBXFileReference; fileEncoding = 4; lastKnownFileType = sourcecode.c.h; path = TTCorePreprocessorMacros.h; sourceTree = "<group>"; };
		468BFD0714AD22A800FECB92 /* libiOSDetailViewBuilder.a */ = {isa = PBXFileReference; explicitFileType = archive.ar; includeInIndex = 0; path = libiOSDetailViewBuilder.a; sourceTree = BUILT_PRODUCTS_DIR; };
		468BFD0A14AD22A800FECB92 /* Foundation.framework */ = {isa = PBXFileReference; lastKnownFileType = wrapper.framework; name = Foundation.framework; path = System/Library/Frameworks/Foundation.framework; sourceTree = SDKROOT; };
		468BFD0E14AD22A800FECB92 /* iOSDetailViewBuilder-Prefix.pch */ = {isa = PBXFileReference; lastKnownFileType = sourcecode.c.h; path = "iOSDetailViewBuilder-Prefix.pch"; sourceTree = "<group>"; };
		468BFD1714AD22A800FECB92 /* iOSDetailViewBuilderTests.octest */ = {isa = PBXFileReference; explicitFileType = wrapper.cfbundle; includeInIndex = 0; path = iOSDetailViewBuilderTests.octest; sourceTree = BUILT_PRODUCTS_DIR; };
		468BFD1814AD22A800FECB92 /* SenTestingKit.framework */ = {isa = PBXFileReference; lastKnownFileType = wrapper.framework; name = SenTestingKit.framework; path = Library/Frameworks/SenTestingKit.framework; sourceTree = DEVELOPER_DIR; };
		468BFD2214AD22A800FECB92 /* iOSDetailViewBuilderTests-Info.plist */ = {isa = PBXFileReference; lastKnownFileType = text.plist.xml; path = "iOSDetailViewBuilderTests-Info.plist"; sourceTree = "<group>"; };
		468BFD2414AD22A800FECB92 /* en */ = {isa = PBXFileReference; lastKnownFileType = text.plist.strings; name = en; path = en.lproj/InfoPlist.strings; sourceTree = "<group>"; };
		468BFD2614AD22A800FECB92 /* iOSDetailViewBuilderTests.h */ = {isa = PBXFileReference; lastKnownFileType = sourcecode.c.h; path = iOSDetailViewBuilderTests.h; sourceTree = "<group>"; };
		468BFD2714AD22A800FECB92 /* iOSDetailViewBuilderTests.m */ = {isa = PBXFileReference; lastKnownFileType = sourcecode.c.objc; path = iOSDetailViewBuilderTests.m; sourceTree = "<group>"; };
		468BFDBF14AD251C00FECB92 /* DVB_DetailViewButtonCell.h */ = {isa = PBXFileReference; fileEncoding = 4; lastKnownFileType = sourcecode.c.h; path = DVB_DetailViewButtonCell.h; sourceTree = "<group>"; };
		468BFDC014AD251C00FECB92 /* DVB_DetailViewButtonCell.m */ = {isa = PBXFileReference; fileEncoding = 4; lastKnownFileType = sourcecode.c.objc; path = DVB_DetailViewButtonCell.m; sourceTree = "<group>"; };
		468BFDC114AD251C00FECB92 /* DVB_DetailViewDateCell.h */ = {isa = PBXFileReference; fileEncoding = 4; lastKnownFileType = sourcecode.c.h; path = DVB_DetailViewDateCell.h; sourceTree = "<group>"; };
		468BFDC214AD251C00FECB92 /* DVB_DetailViewDateCell.m */ = {isa = PBXFileReference; fileEncoding = 4; lastKnownFileType = sourcecode.c.objc; path = DVB_DetailViewDateCell.m; sourceTree = "<group>"; };
		468BFDC514AD251C00FECB92 /* DVB_DetailViewStringCell.h */ = {isa = PBXFileReference; fileEncoding = 4; lastKnownFileType = sourcecode.c.h; path = DVB_DetailViewStringCell.h; sourceTree = "<group>"; };
		468BFDC614AD251C00FECB92 /* DVB_DetailViewStringCell.m */ = {isa = PBXFileReference; fileEncoding = 4; lastKnownFileType = sourcecode.c.objc; path = DVB_DetailViewStringCell.m; sourceTree = "<group>"; };
		468BFDC714AD251C00FECB92 /* DVB_DetailViewSwitchCell.h */ = {isa = PBXFileReference; fileEncoding = 4; lastKnownFileType = sourcecode.c.h; path = DVB_DetailViewSwitchCell.h; sourceTree = "<group>"; };
		468BFDC814AD251C00FECB92 /* DVB_DetailViewSwitchCell.m */ = {isa = PBXFileReference; fileEncoding = 4; lastKnownFileType = sourcecode.c.objc; path = DVB_DetailViewSwitchCell.m; sourceTree = "<group>"; };
		468BFDCC14AD251C00FECB92 /* DVB_DetailViewCoreDataDataManager.h */ = {isa = PBXFileReference; fileEncoding = 4; lastKnownFileType = sourcecode.c.h; path = DVB_DetailViewCoreDataDataManager.h; sourceTree = "<group>"; };
		468BFDCD14AD251C00FECB92 /* DVB_DetailViewCoreDataDataManager.m */ = {isa = PBXFileReference; fileEncoding = 4; lastKnownFileType = sourcecode.c.objc; path = DVB_DetailViewCoreDataDataManager.m; sourceTree = "<group>"; };
		468BFDCE14AD251C00FECB92 /* DVB_DetailViewNSUserDefaultsDataManager.h */ = {isa = PBXFileReference; fileEncoding = 4; lastKnownFileType = sourcecode.c.h; path = DVB_DetailViewNSUserDefaultsDataManager.h; sourceTree = "<group>"; };
		468BFDCF14AD251C00FECB92 /* DVB_DetailViewNSUserDefaultsDataManager.m */ = {isa = PBXFileReference; fileEncoding = 4; lastKnownFileType = sourcecode.c.objc; path = DVB_DetailViewNSUserDefaultsDataManager.m; sourceTree = "<group>"; };
		468BFDD014AD251C00FECB92 /* DVB_DetailViewNullDataManager.h */ = {isa = PBXFileReference; fileEncoding = 4; lastKnownFileType = sourcecode.c.h; path = DVB_DetailViewNullDataManager.h; sourceTree = "<group>"; };
		468BFDD114AD251C00FECB92 /* DVB_DetailViewNullDataManager.m */ = {isa = PBXFileReference; fileEncoding = 4; lastKnownFileType = sourcecode.c.objc; path = DVB_DetailViewNullDataManager.m; sourceTree = "<group>"; };
		468BFDD214AD251C00FECB92 /* DVB_DetailViewObjectDataManager.h */ = {isa = PBXFileReference; fileEncoding = 4; lastKnownFileType = sourcecode.c.h; path = DVB_DetailViewObjectDataManager.h; sourceTree = "<group>"; };
		468BFDD314AD251C00FECB92 /* DVB_DetailViewObjectDataManager.m */ = {isa = PBXFileReference; fileEncoding = 4; lastKnownFileType = sourcecode.c.objc; path = DVB_DetailViewObjectDataManager.m; sourceTree = "<group>"; };
		468BFDD414AD251C00FECB92 /* DetailViewEventNameCell.m */ = {isa = PBXFileReference; fileEncoding = 4; lastKnownFileType = sourcecode.c.objc; path = DetailViewEventNameCell.m; sourceTree = "<group>"; };
		468BFDD514AD251C00FECB92 /* DetailViewEventNameCell.h */ = {isa = PBXFileReference; fileEncoding = 4; lastKnownFileType = sourcecode.c.h; path = DetailViewEventNameCell.h; sourceTree = "<group>"; };
		468BFDD614AD251C00FECB92 /* DVB_DetailView.h */ = {isa = PBXFileReference; fileEncoding = 4; lastKnownFileType = sourcecode.c.h; path = DVB_DetailView.h; sourceTree = "<group>"; };
		468BFDD714AD251C00FECB92 /* DVB_DetailViewBuilder.h */ = {isa = PBXFileReference; fileEncoding = 4; lastKnownFileType = sourcecode.c.h; path = DVB_DetailViewBuilder.h; sourceTree = "<group>"; };
		468BFDD814AD251C00FECB92 /* DVB_DetailViewBuilder.m */ = {isa = PBXFileReference; fileEncoding = 4; lastKnownFileType = sourcecode.c.objc; path = DVB_DetailViewBuilder.m; sourceTree = "<group>"; };
		468BFDD914AD251C00FECB92 /* DVB_DetailViewCellTypes.h */ = {isa = PBXFileReference; fileEncoding = 4; lastKnownFileType = sourcecode.c.h; path = DVB_DetailViewCellTypes.h; sourceTree = "<group>"; };
		468BFDDA14AD251C00FECB92 /* DVB_DetailViewDataManager.h */ = {isa = PBXFileReference; fileEncoding = 4; lastKnownFileType = sourcecode.c.h; path = DVB_DetailViewDataManager.h; sourceTree = "<group>"; };
		468BFDDB14AD251C00FECB92 /* DVB_DetailViewDataManager.m */ = {isa = PBXFileReference; fileEncoding = 4; lastKnownFileType = sourcecode.c.objc; path = DVB_DetailViewDataManager.m; sourceTree = "<group>"; };
		468BFDDC14AD251C00FECB92 /* DVB_DetailViewGroup.h */ = {isa = PBXFileReference; fileEncoding = 4; lastKnownFileType = sourcecode.c.h; path = DVB_DetailViewGroup.h; sourceTree = "<group>"; };
		468BFDDD14AD251C00FECB92 /* DVB_DetailViewGroup.m */ = {isa = PBXFileReference; fileEncoding = 4; lastKnownFileType = sourcecode.c.objc; path = DVB_DetailViewGroup.m; sourceTree = "<group>"; };
		468BFDDE14AD251C00FECB92 /* DVB_DetailViewItem.h */ = {isa = PBXFileReference; fileEncoding = 4; lastKnownFileType = sourcecode.c.h; path = DVB_DetailViewItem.h; sourceTree = "<group>"; };
		468BFDDF14AD251C00FECB92 /* DVB_DetailViewItem.m */ = {isa = PBXFileReference; fileEncoding = 4; lastKnownFileType = sourcecode.c.objc; path = DVB_DetailViewItem.m; sourceTree = "<group>"; };
		468BFE0014AD272A00FECB92 /* DVB_DetailViewDataManagerTypes.h */ = {isa = PBXFileReference; fileEncoding = 4; lastKnownFileType = sourcecode.c.h; path = DVB_DetailViewDataManagerTypes.h; sourceTree = "<group>"; };
		468BFE0214AD2ADE00FECB92 /* UIKit.framework */ = {isa = PBXFileReference; lastKnownFileType = wrapper.framework; name = UIKit.framework; path = System/Library/Frameworks/UIKit.framework; sourceTree = SDKROOT; };
		46D3027414B9280D00D473B2 /* iOSDetailViewBuilderDemo.app */ = {isa = PBXFileReference; explicitFileType = wrapper.application; includeInIndex = 0; path = iOSDetailViewBuilderDemo.app; sourceTree = BUILT_PRODUCTS_DIR; };
		46D3027814B9280D00D473B2 /* CoreGraphics.framework */ = {isa = PBXFileReference; lastKnownFileType = wrapper.framework; name = CoreGraphics.framework; path = System/Library/Frameworks/CoreGraphics.framework; sourceTree = SDKROOT; };
		46D3027A14B9280D00D473B2 /* CoreData.framework */ = {isa = PBXFileReference; lastKnownFileType = wrapper.framework; name = CoreData.framework; path = System/Library/Frameworks/CoreData.framework; sourceTree = SDKROOT; };
		46D3027E14B9280D00D473B2 /* iOSDetailViewBuilderDemo-Info.plist */ = {isa = PBXFileReference; lastKnownFileType = text.plist.xml; path = "iOSDetailViewBuilderDemo-Info.plist"; sourceTree = "<group>"; };
		46D3028014B9280D00D473B2 /* en */ = {isa = PBXFileReference; lastKnownFileType = text.plist.strings; name = en; path = en.lproj/InfoPlist.strings; sourceTree = "<group>"; };
		46D3028214B9280D00D473B2 /* main.m */ = {isa = PBXFileReference; lastKnownFileType = sourcecode.c.objc; path = main.m; sourceTree = "<group>"; };
		46D3028414B9280D00D473B2 /* iOSDetailViewBuilderDemo-Prefix.pch */ = {isa = PBXFileReference; lastKnownFileType = sourcecode.c.h; path = "iOSDetailViewBuilderDemo-Prefix.pch"; sourceTree = "<group>"; };
		46D3028514B9280D00D473B2 /* AppDelegate.h */ = {isa = PBXFileReference; lastKnownFileType = sourcecode.c.h; path = AppDelegate.h; sourceTree = "<group>"; };
		46D3028614B9280D00D473B2 /* AppDelegate.m */ = {isa = PBXFileReference; lastKnownFileType = sourcecode.c.objc; path = AppDelegate.m; sourceTree = "<group>"; };
		46D3028914B9280D00D473B2 /* iOSDetailViewBuilderDemo.xcdatamodel */ = {isa = PBXFileReference; lastKnownFileType = wrapper.xcdatamodel; path = iOSDetailViewBuilderDemo.xcdatamodel; sourceTree = "<group>"; };
		46D302D314B92B2000D473B2 /* NSUserDefaultsDemoController.h */ = {isa = PBXFileReference; fileEncoding = 4; lastKnownFileType = sourcecode.c.h; path = NSUserDefaultsDemoController.h; sourceTree = "<group>"; };
		46D302D414B92B2000D473B2 /* NSUserDefaultsDemoController.m */ = {isa = PBXFileReference; fileEncoding = 4; lastKnownFileType = sourcecode.c.objc; path = NSUserDefaultsDemoController.m; sourceTree = "<group>"; };
		46D302D514B92B2000D473B2 /* NSUserDefaultsDemoController.xib */ = {isa = PBXFileReference; fileEncoding = 4; lastKnownFileType = file.xib; path = NSUserDefaultsDemoController.xib; sourceTree = "<group>"; };
		46D302DA14B92CE200D473B2 /* Person.h */ = {isa = PBXFileReference; fileEncoding = 4; lastKnownFileType = sourcecode.c.h; path = Person.h; sourceTree = "<group>"; };
		46D302DB14B92CE200D473B2 /* Person.m */ = {isa = PBXFileReference; fileEncoding = 4; lastKnownFileType = sourcecode.c.objc; path = Person.m; sourceTree = "<group>"; };
		46D302DD14B92CFF00D473B2 /* CoreDataDemoController.h */ = {isa = PBXFileReference; fileEncoding = 4; lastKnownFileType = sourcecode.c.h; path = CoreDataDemoController.h; sourceTree = "<group>"; };
		46D302DE14B92CFF00D473B2 /* CoreDataDemoController.m */ = {isa = PBXFileReference; fileEncoding = 4; lastKnownFileType = sourcecode.c.objc; path = CoreDataDemoController.m; sourceTree = "<group>"; };
		46D302DF14B92CFF00D473B2 /* CoreDataDemoController.xib */ = {isa = PBXFileReference; fileEncoding = 4; lastKnownFileType = file.xib; path = CoreDataDemoController.xib; sourceTree = "<group>"; };
/* End PBXFileReference section */

/* Begin PBXFrameworksBuildPhase section */
		468BFD0414AD22A800FECB92 /* Frameworks */ = {
			isa = PBXFrameworksBuildPhase;
			buildActionMask = 2147483647;
			files = (
				468BFE0314AD2ADE00FECB92 /* UIKit.framework in Frameworks */,
				468BFD0B14AD22A800FECB92 /* Foundation.framework in Frameworks */,
			);
			runOnlyForDeploymentPostprocessing = 0;
		};
		468BFD1314AD22A800FECB92 /* Frameworks */ = {
			isa = PBXFrameworksBuildPhase;
			buildActionMask = 2147483647;
			files = (
				468BFD1914AD22A800FECB92 /* SenTestingKit.framework in Frameworks */,
				468BFD1C14AD22A800FECB92 /* Foundation.framework in Frameworks */,
				468BFD1F14AD22A800FECB92 /* libiOSDetailViewBuilder.a in Frameworks */,
			);
			runOnlyForDeploymentPostprocessing = 0;
		};
		46D3027114B9280D00D473B2 /* Frameworks */ = {
			isa = PBXFrameworksBuildPhase;
			buildActionMask = 2147483647;
			files = (
				46D3029914B929E200D473B2 /* libiOSDetailViewBuilder.a in Frameworks */,
				46D3027614B9280D00D473B2 /* UIKit.framework in Frameworks */,
				46D3027714B9280D00D473B2 /* Foundation.framework in Frameworks */,
				46D3027914B9280D00D473B2 /* CoreGraphics.framework in Frameworks */,
				46D3027B14B9280D00D473B2 /* CoreData.framework in Frameworks */,
			);
			runOnlyForDeploymentPostprocessing = 0;
		};
/* End PBXFrameworksBuildPhase section */

/* Begin PBXGroup section */
		466AEEAB14B15CB300C6FFD5 /* Three20 */ = {
			isa = PBXGroup;
			children = (
				466AEE9D14B1566900C6FFD5 /* TTGlobalUICommon.h */,
				466AEE9E14B1566900C6FFD5 /* TTGlobalUICommon.m */,
				466AEEA314B157ED00C6FFD5 /* UIWindowAdditions.h */,
				466AEEA114B157E700C6FFD5 /* UIWindowAdditions.m */,
				466AEEA914B15C8F00C6FFD5 /* TTCorePreprocessorMacros.h */,
			);
			name = Three20;
			sourceTree = "<group>";
		};
		468BFCFC14AD22A800FECB92 = {
			isa = PBXGroup;
			children = (
				468BFD0C14AD22A800FECB92 /* iOSDetailViewBuilder */,
				468BFD2014AD22A800FECB92 /* iOSDetailViewBuilderTests */,
				46D3027C14B9280D00D473B2 /* iOSDetailViewBuilderDemo */,
				468BFD0914AD22A800FECB92 /* Frameworks */,
				468BFD0814AD22A800FECB92 /* Products */,
			);
			sourceTree = "<group>";
		};
		468BFD0814AD22A800FECB92 /* Products */ = {
			isa = PBXGroup;
			children = (
				468BFD0714AD22A800FECB92 /* libiOSDetailViewBuilder.a */,
				468BFD1714AD22A800FECB92 /* iOSDetailViewBuilderTests.octest */,
				46D3027414B9280D00D473B2 /* iOSDetailViewBuilderDemo.app */,
			);
			name = Products;
			sourceTree = "<group>";
		};
		468BFD0914AD22A800FECB92 /* Frameworks */ = {
			isa = PBXGroup;
			children = (
				468BFE0214AD2ADE00FECB92 /* UIKit.framework */,
				468BFD0A14AD22A800FECB92 /* Foundation.framework */,
				468BFD1814AD22A800FECB92 /* SenTestingKit.framework */,
				46D3027814B9280D00D473B2 /* CoreGraphics.framework */,
				46D3027A14B9280D00D473B2 /* CoreData.framework */,
			);
			name = Frameworks;
			sourceTree = "<group>";
		};
		468BFD0C14AD22A800FECB92 /* iOSDetailViewBuilder */ = {
			isa = PBXGroup;
			children = (
				468BFDBE14AD251C00FECB92 /* Cell Classes */,
				468BFDCB14AD251C00FECB92 /* Data Manager Classes */,
				468BFDD514AD251C00FECB92 /* DetailViewEventNameCell.h */,
				466AEEA514B15A6700C6FFD5 /* DVB_ExpandableTextView.h */,
				466AEEA614B15A6700C6FFD5 /* DVB_ExpandableTextView.m */,
				468BFDD414AD251C00FECB92 /* DetailViewEventNameCell.m */,
				468BFDD614AD251C00FECB92 /* DVB_DetailView.h */,
				468BFDD914AD251C00FECB92 /* DVB_DetailViewCellTypes.h */,
				468BFE0014AD272A00FECB92 /* DVB_DetailViewDataManagerTypes.h */,
				468BFDD714AD251C00FECB92 /* DVB_DetailViewBuilder.h */,
				468BFDD814AD251C00FECB92 /* DVB_DetailViewBuilder.m */,
				468BFDDA14AD251C00FECB92 /* DVB_DetailViewDataManager.h */,
				468BFDDB14AD251C00FECB92 /* DVB_DetailViewDataManager.m */,
				468BFDDC14AD251C00FECB92 /* DVB_DetailViewGroup.h */,
				468BFDDD14AD251C00FECB92 /* DVB_DetailViewGroup.m */,
				468BFDDE14AD251C00FECB92 /* DVB_DetailViewItem.h */,
				468BFDDF14AD251C00FECB92 /* DVB_DetailViewItem.m */,
				466AEEAB14B15CB300C6FFD5 /* Three20 */,
				468BFD0D14AD22A800FECB92 /* Supporting Files */,
			);
			path = iOSDetailViewBuilder;
			sourceTree = "<group>";
		};
		468BFD0D14AD22A800FECB92 /* Supporting Files */ = {
			isa = PBXGroup;
			children = (
				468BFD0E14AD22A800FECB92 /* iOSDetailViewBuilder-Prefix.pch */,
			);
			name = "Supporting Files";
			sourceTree = "<group>";
		};
		468BFD2014AD22A800FECB92 /* iOSDetailViewBuilderTests */ = {
			isa = PBXGroup;
			children = (
				468BFD2614AD22A800FECB92 /* iOSDetailViewBuilderTests.h */,
				468BFD2714AD22A800FECB92 /* iOSDetailViewBuilderTests.m */,
				468BFD2114AD22A800FECB92 /* Supporting Files */,
			);
			path = iOSDetailViewBuilderTests;
			sourceTree = "<group>";
		};
		468BFD2114AD22A800FECB92 /* Supporting Files */ = {
			isa = PBXGroup;
			children = (
				468BFD2214AD22A800FECB92 /* iOSDetailViewBuilderTests-Info.plist */,
				468BFD2314AD22A800FECB92 /* InfoPlist.strings */,
			);
			name = "Supporting Files";
			sourceTree = "<group>";
		};
		468BFDBE14AD251C00FECB92 /* Cell Classes */ = {
			isa = PBXGroup;
			children = (
				468BFDBF14AD251C00FECB92 /* DVB_DetailViewButtonCell.h */,
				468BFDC014AD251C00FECB92 /* DVB_DetailViewButtonCell.m */,
				468BFDC114AD251C00FECB92 /* DVB_DetailViewDateCell.h */,
				468BFDC214AD251C00FECB92 /* DVB_DetailViewDateCell.m */,
				468BFDC514AD251C00FECB92 /* DVB_DetailViewStringCell.h */,
				468BFDC614AD251C00FECB92 /* DVB_DetailViewStringCell.m */,
				468BFDC714AD251C00FECB92 /* DVB_DetailViewSwitchCell.h */,
				468BFDC814AD251C00FECB92 /* DVB_DetailViewSwitchCell.m */,
			);
			path = "Cell Classes";
			sourceTree = "<group>";
		};
		468BFDCB14AD251C00FECB92 /* Data Manager Classes */ = {
			isa = PBXGroup;
			children = (
				468BFDCC14AD251C00FECB92 /* DVB_DetailViewCoreDataDataManager.h */,
				468BFDCD14AD251C00FECB92 /* DVB_DetailViewCoreDataDataManager.m */,
				468BFDCE14AD251C00FECB92 /* DVB_DetailViewNSUserDefaultsDataManager.h */,
				468BFDCF14AD251C00FECB92 /* DVB_DetailViewNSUserDefaultsDataManager.m */,
				468BFDD014AD251C00FECB92 /* DVB_DetailViewNullDataManager.h */,
				468BFDD114AD251C00FECB92 /* DVB_DetailViewNullDataManager.m */,
				468BFDD214AD251C00FECB92 /* DVB_DetailViewObjectDataManager.h */,
				468BFDD314AD251C00FECB92 /* DVB_DetailViewObjectDataManager.m */,
			);
			path = "Data Manager Classes";
			sourceTree = "<group>";
		};
		46D3027C14B9280D00D473B2 /* iOSDetailViewBuilderDemo */ = {
			isa = PBXGroup;
			children = (
				46D3028514B9280D00D473B2 /* AppDelegate.h */,
				46D3028614B9280D00D473B2 /* AppDelegate.m */,
				46D3028814B9280D00D473B2 /* iOSDetailViewBuilderDemo.xcdatamodeld */,
				46D302DA14B92CE200D473B2 /* Person.h */,
				46D302DB14B92CE200D473B2 /* Person.m */,
				46D302DD14B92CFF00D473B2 /* CoreDataDemoController.h */,
				46D302DE14B92CFF00D473B2 /* CoreDataDemoController.m */,
				46D302DF14B92CFF00D473B2 /* CoreDataDemoController.xib */,
				46D302D314B92B2000D473B2 /* NSUserDefaultsDemoController.h */,
				46D302D414B92B2000D473B2 /* NSUserDefaultsDemoController.m */,
				46D302D514B92B2000D473B2 /* NSUserDefaultsDemoController.xib */,
				46D3027D14B9280D00D473B2 /* Supporting Files */,
			);
			path = iOSDetailViewBuilderDemo;
			sourceTree = "<group>";
		};
		46D3027D14B9280D00D473B2 /* Supporting Files */ = {
			isa = PBXGroup;
			children = (
				46D3027E14B9280D00D473B2 /* iOSDetailViewBuilderDemo-Info.plist */,
				46D3027F14B9280D00D473B2 /* InfoPlist.strings */,
				46D3028214B9280D00D473B2 /* main.m */,
				46D3028414B9280D00D473B2 /* iOSDetailViewBuilderDemo-Prefix.pch */,
			);
			name = "Supporting Files";
			sourceTree = "<group>";
		};
/* End PBXGroup section */

/* Begin PBXHeadersBuildPhase section */
		468BFD0514AD22A800FECB92 /* Headers */ = {
			isa = PBXHeadersBuildPhase;
			buildActionMask = 2147483647;
			files = (
				468BFDE014AD251C00FECB92 /* DVB_DetailViewButtonCell.h in Headers */,
				468BFDE214AD251C00FECB92 /* DVB_DetailViewDateCell.h in Headers */,
				468BFDE614AD251C00FECB92 /* DVB_DetailViewStringCell.h in Headers */,
				468BFDE814AD251C00FECB92 /* DVB_DetailViewSwitchCell.h in Headers */,
				468BFDEC14AD251C00FECB92 /* DVB_DetailViewCoreDataDataManager.h in Headers */,
				468BFDEE14AD251C00FECB92 /* DVB_DetailViewNSUserDefaultsDataManager.h in Headers */,
				468BFDF014AD251C00FECB92 /* DVB_DetailViewNullDataManager.h in Headers */,
				468BFDF214AD251C00FECB92 /* DVB_DetailViewObjectDataManager.h in Headers */,
				468BFDF514AD251C00FECB92 /* DetailViewEventNameCell.h in Headers */,
				468BFDF614AD251C00FECB92 /* DVB_DetailView.h in Headers */,
				468BFDF714AD251C00FECB92 /* DVB_DetailViewBuilder.h in Headers */,
				468BFDF914AD251C00FECB92 /* DVB_DetailViewCellTypes.h in Headers */,
				468BFDFA14AD251C00FECB92 /* DVB_DetailViewDataManager.h in Headers */,
				468BFDFC14AD251C00FECB92 /* DVB_DetailViewGroup.h in Headers */,
				468BFDFE14AD251C00FECB92 /* DVB_DetailViewItem.h in Headers */,
				468BFE0114AD272A00FECB92 /* DVB_DetailViewDataManagerTypes.h in Headers */,
				466AEE9F14B1566900C6FFD5 /* TTGlobalUICommon.h in Headers */,
				466AEEA414B157ED00C6FFD5 /* UIWindowAdditions.h in Headers */,
				466AEEA714B15A6800C6FFD5 /* DVB_ExpandableTextView.h in Headers */,
				466AEEAA14B15C9000C6FFD5 /* TTCorePreprocessorMacros.h in Headers */,
			);
			runOnlyForDeploymentPostprocessing = 0;
		};
/* End PBXHeadersBuildPhase section */

/* Begin PBXNativeTarget section */
		468BFD0614AD22A800FECB92 /* iOSDetailViewBuilder */ = {
			isa = PBXNativeTarget;
			buildConfigurationList = 468BFD2B14AD22A800FECB92 /* Build configuration list for PBXNativeTarget "iOSDetailViewBuilder" */;
			buildPhases = (
				468BFD0314AD22A800FECB92 /* Sources */,
				468BFD0414AD22A800FECB92 /* Frameworks */,
				468BFD0514AD22A800FECB92 /* Headers */,
			);
			buildRules = (
			);
			dependencies = (
			);
			name = iOSDetailViewBuilder;
			productName = iOSDetailViewBuilder;
			productReference = 468BFD0714AD22A800FECB92 /* libiOSDetailViewBuilder.a */;
			productType = "com.apple.product-type.library.static";
		};
		468BFD1614AD22A800FECB92 /* iOSDetailViewBuilderTests */ = {
			isa = PBXNativeTarget;
			buildConfigurationList = 468BFD2E14AD22A800FECB92 /* Build configuration list for PBXNativeTarget "iOSDetailViewBuilderTests" */;
			buildPhases = (
				468BFD1214AD22A800FECB92 /* Sources */,
				468BFD1314AD22A800FECB92 /* Frameworks */,
				468BFD1414AD22A800FECB92 /* Resources */,
				468BFD1514AD22A800FECB92 /* ShellScript */,
			);
			buildRules = (
			);
			dependencies = (
				468BFD1E14AD22A800FECB92 /* PBXTargetDependency */,
			);
			name = iOSDetailViewBuilderTests;
			productName = iOSDetailViewBuilderTests;
			productReference = 468BFD1714AD22A800FECB92 /* iOSDetailViewBuilderTests.octest */;
			productType = "com.apple.product-type.bundle";
		};
		46D3027314B9280D00D473B2 /* iOSDetailViewBuilderDemo */ = {
			isa = PBXNativeTarget;
			buildConfigurationList = 46D3028B14B9280D00D473B2 /* Build configuration list for PBXNativeTarget "iOSDetailViewBuilderDemo" */;
			buildPhases = (
				46D3027014B9280D00D473B2 /* Sources */,
				46D3027114B9280D00D473B2 /* Frameworks */,
				46D3027214B9280D00D473B2 /* Resources */,
			);
			buildRules = (
			);
			dependencies = (
				46D302D914B92B7100D473B2 /* PBXTargetDependency */,
			);
			name = iOSDetailViewBuilderDemo;
			productName = iOSDetailViewBuilderDemo;
			productReference = 46D3027414B9280D00D473B2 /* iOSDetailViewBuilderDemo.app */;
			productType = "com.apple.product-type.application";
		};
/* End PBXNativeTarget section */

/* Begin PBXProject section */
		468BFCFE14AD22A800FECB92 /* Project object */ = {
			isa = PBXProject;
			attributes = {
				LastUpgradeCheck = 0430;
			};
			buildConfigurationList = 468BFD0114AD22A800FECB92 /* Build configuration list for PBXProject "iOSDetailViewBuilder" */;
			compatibilityVersion = "Xcode 3.2";
			developmentRegion = English;
			hasScannedForEncodings = 0;
			knownRegions = (
				en,
			);
			mainGroup = 468BFCFC14AD22A800FECB92;
			productRefGroup = 468BFD0814AD22A800FECB92 /* Products */;
			projectDirPath = "";
			projectRoot = "";
			targets = (
				468BFD0614AD22A800FECB92 /* iOSDetailViewBuilder */,
				468BFD1614AD22A800FECB92 /* iOSDetailViewBuilderTests */,
				46D3027314B9280D00D473B2 /* iOSDetailViewBuilderDemo */,
			);
		};
/* End PBXProject section */

/* Begin PBXResourcesBuildPhase section */
		468BFD1414AD22A800FECB92 /* Resources */ = {
			isa = PBXResourcesBuildPhase;
			buildActionMask = 2147483647;
			files = (
				468BFD2514AD22A800FECB92 /* InfoPlist.strings in Resources */,
			);
			runOnlyForDeploymentPostprocessing = 0;
		};
		46D3027214B9280D00D473B2 /* Resources */ = {
			isa = PBXResourcesBuildPhase;
			buildActionMask = 2147483647;
			files = (
				46D3028114B9280D00D473B2 /* InfoPlist.strings in Resources */,
				46D302D714B92B2000D473B2 /* NSUserDefaultsDemoController.xib in Resources */,
				46D302E114B92CFF00D473B2 /* CoreDataDemoController.xib in Resources */,
			);
			runOnlyForDeploymentPostprocessing = 0;
		};
/* End PBXResourcesBuildPhase section */

/* Begin PBXShellScriptBuildPhase section */
		468BFD1514AD22A800FECB92 /* ShellScript */ = {
			isa = PBXShellScriptBuildPhase;
			buildActionMask = 2147483647;
			files = (
			);
			inputPaths = (
			);
			outputPaths = (
			);
			runOnlyForDeploymentPostprocessing = 0;
			shellPath = /bin/sh;
			shellScript = "# Run the unit tests in this test bundle.\n\"${SYSTEM_DEVELOPER_DIR}/Tools/RunUnitTests\"\n";
		};
/* End PBXShellScriptBuildPhase section */

/* Begin PBXSourcesBuildPhase section */
		468BFD0314AD22A800FECB92 /* Sources */ = {
			isa = PBXSourcesBuildPhase;
			buildActionMask = 2147483647;
			files = (
				468BFDE114AD251C00FECB92 /* DVB_DetailViewButtonCell.m in Sources */,
				468BFDE314AD251C00FECB92 /* DVB_DetailViewDateCell.m in Sources */,
				468BFDE714AD251C00FECB92 /* DVB_DetailViewStringCell.m in Sources */,
				468BFDE914AD251C00FECB92 /* DVB_DetailViewSwitchCell.m in Sources */,
				468BFDED14AD251C00FECB92 /* DVB_DetailViewCoreDataDataManager.m in Sources */,
				468BFDEF14AD251C00FECB92 /* DVB_DetailViewNSUserDefaultsDataManager.m in Sources */,
				468BFDF114AD251C00FECB92 /* DVB_DetailViewNullDataManager.m in Sources */,
				468BFDF314AD251C00FECB92 /* DVB_DetailViewObjectDataManager.m in Sources */,
				468BFDF414AD251C00FECB92 /* DetailViewEventNameCell.m in Sources */,
				468BFDF814AD251C00FECB92 /* DVB_DetailViewBuilder.m in Sources */,
				468BFDFB14AD251C00FECB92 /* DVB_DetailViewDataManager.m in Sources */,
				468BFDFD14AD251C00FECB92 /* DVB_DetailViewGroup.m in Sources */,
				468BFDFF14AD251C00FECB92 /* DVB_DetailViewItem.m in Sources */,
				466AEEA014B1566900C6FFD5 /* TTGlobalUICommon.m in Sources */,
				466AEEA214B157E700C6FFD5 /* UIWindowAdditions.m in Sources */,
				466AEEA814B15A6800C6FFD5 /* DVB_ExpandableTextView.m in Sources */,
			);
			runOnlyForDeploymentPostprocessing = 0;
		};
		468BFD1214AD22A800FECB92 /* Sources */ = {
			isa = PBXSourcesBuildPhase;
			buildActionMask = 2147483647;
			files = (
				468BFD2814AD22A800FECB92 /* iOSDetailViewBuilderTests.m in Sources */,
			);
			runOnlyForDeploymentPostprocessing = 0;
		};
		46D3027014B9280D00D473B2 /* Sources */ = {
			isa = PBXSourcesBuildPhase;
			buildActionMask = 2147483647;
			files = (
				46D3028314B9280D00D473B2 /* main.m in Sources */,
				46D3028714B9280D00D473B2 /* AppDelegate.m in Sources */,
				46D3028A14B9280D00D473B2 /* iOSDetailViewBuilderDemo.xcdatamodeld in Sources */,
				46D302D614B92B2000D473B2 /* NSUserDefaultsDemoController.m in Sources */,
				46D302DC14B92CE200D473B2 /* Person.m in Sources */,
				46D302E014B92CFF00D473B2 /* CoreDataDemoController.m in Sources */,
			);
			runOnlyForDeploymentPostprocessing = 0;
		};
/* End PBXSourcesBuildPhase section */

/* Begin PBXTargetDependency section */
		468BFD1E14AD22A800FECB92 /* PBXTargetDependency */ = {
			isa = PBXTargetDependency;
			target = 468BFD0614AD22A800FECB92 /* iOSDetailViewBuilder */;
			targetProxy = 468BFD1D14AD22A800FECB92 /* PBXContainerItemProxy */;
		};
		46D302D914B92B7100D473B2 /* PBXTargetDependency */ = {
			isa = PBXTargetDependency;
			target = 468BFD0614AD22A800FECB92 /* iOSDetailViewBuilder */;
			targetProxy = 46D302D814B92B7100D473B2 /* PBXContainerItemProxy */;
		};
/* End PBXTargetDependency section */

/* Begin PBXVariantGroup section */
		468BFD2314AD22A800FECB92 /* InfoPlist.strings */ = {
			isa = PBXVariantGroup;
			children = (
				468BFD2414AD22A800FECB92 /* en */,
			);
			name = InfoPlist.strings;
			sourceTree = "<group>";
		};
		46D3027F14B9280D00D473B2 /* InfoPlist.strings */ = {
			isa = PBXVariantGroup;
			children = (
				46D3028014B9280D00D473B2 /* en */,
			);
			name = InfoPlist.strings;
			sourceTree = "<group>";
		};
/* End PBXVariantGroup section */

/* Begin XCBuildConfiguration section */
		468BFD2914AD22A800FECB92 /* Debug */ = {
			isa = XCBuildConfiguration;
			buildSettings = {
				ALWAYS_SEARCH_USER_PATHS = NO;
				ARCHS = (
					armv6,
					armv7,
				);
				CLANG_ENABLE_OBJC_ARC = YES;
				COPY_PHASE_STRIP = NO;
				GCC_C_LANGUAGE_STANDARD = gnu99;
				GCC_DYNAMIC_NO_PIC = NO;
				GCC_OPTIMIZATION_LEVEL = 0;
				GCC_PREPROCESSOR_DEFINITIONS = (
					"DEBUG=1",
					"$(inherited)",
				);
				GCC_SYMBOLS_PRIVATE_EXTERN = NO;
				GCC_VERSION = com.apple.compilers.llvm.clang.1_0;
				GCC_WARN_ABOUT_RETURN_TYPE = YES;
				GCC_WARN_UNINITIALIZED_AUTOS = YES;
				GCC_WARN_UNUSED_VARIABLE = YES;
				IPHONEOS_DEPLOYMENT_TARGET = 5.1;
				SDKROOT = iphoneos;
			};
			name = Debug;
		};
		468BFD2A14AD22A800FECB92 /* Release */ = {
			isa = XCBuildConfiguration;
			buildSettings = {
				ALWAYS_SEARCH_USER_PATHS = NO;
				ARCHS = (
					armv6,
					armv7,
				);
				CLANG_ENABLE_OBJC_ARC = YES;
				COPY_PHASE_STRIP = YES;
				GCC_C_LANGUAGE_STANDARD = gnu99;
				GCC_VERSION = com.apple.compilers.llvm.clang.1_0;
				GCC_WARN_ABOUT_RETURN_TYPE = YES;
				GCC_WARN_UNINITIALIZED_AUTOS = YES;
				GCC_WARN_UNUSED_VARIABLE = YES;
				IPHONEOS_DEPLOYMENT_TARGET = 5.1;
				SDKROOT = iphoneos;
				VALIDATE_PRODUCT = YES;
			};
			name = Release;
		};
		468BFD2C14AD22A800FECB92 /* Debug */ = {
			isa = XCBuildConfiguration;
			buildSettings = {
				DSTROOT = /tmp/iOSDetailViewBuilder.dst;
				GCC_PRECOMPILE_PREFIX_HEADER = YES;
				GCC_PREFIX_HEADER = "iOSDetailViewBuilder/iOSDetailViewBuilder-Prefix.pch";
				OTHER_LDFLAGS = "-ObjC";
				PRODUCT_NAME = "$(TARGET_NAME)";
				SKIP_INSTALL = YES;
			};
			name = Debug;
		};
		468BFD2D14AD22A800FECB92 /* Release */ = {
			isa = XCBuildConfiguration;
			buildSettings = {
				DSTROOT = /tmp/iOSDetailViewBuilder.dst;
				GCC_PRECOMPILE_PREFIX_HEADER = YES;
				GCC_PREFIX_HEADER = "iOSDetailViewBuilder/iOSDetailViewBuilder-Prefix.pch";
				OTHER_LDFLAGS = "-ObjC";
				PRODUCT_NAME = "$(TARGET_NAME)";
				SKIP_INSTALL = YES;
			};
			name = Release;
		};
		468BFD2F14AD22A800FECB92 /* Debug */ = {
			isa = XCBuildConfiguration;
			buildSettings = {
				FRAMEWORK_SEARCH_PATHS = (
					"$(SDKROOT)/Developer/Library/Frameworks",
					"$(DEVELOPER_LIBRARY_DIR)/Frameworks",
				);
				GCC_PRECOMPILE_PREFIX_HEADER = YES;
				GCC_PREFIX_HEADER = "iOSDetailViewBuilder/iOSDetailViewBuilder-Prefix.pch";
				INFOPLIST_FILE = "iOSDetailViewBuilderTests/iOSDetailViewBuilderTests-Info.plist";
				PRODUCT_NAME = "$(TARGET_NAME)";
				WRAPPER_EXTENSION = octest;
			};
			name = Debug;
		};
		468BFD3014AD22A800FECB92 /* Release */ = {
			isa = XCBuildConfiguration;
			buildSettings = {
				FRAMEWORK_SEARCH_PATHS = (
					"$(SDKROOT)/Developer/Library/Frameworks",
					"$(DEVELOPER_LIBRARY_DIR)/Frameworks",
				);
				GCC_PRECOMPILE_PREFIX_HEADER = YES;
				GCC_PREFIX_HEADER = "iOSDetailViewBuilder/iOSDetailViewBuilder-Prefix.pch";
				INFOPLIST_FILE = "iOSDetailViewBuilderTests/iOSDetailViewBuilderTests-Info.plist";
				PRODUCT_NAME = "$(TARGET_NAME)";
				WRAPPER_EXTENSION = octest;
			};
			name = Release;
		};
		46D3028C14B9280D00D473B2 /* Debug */ = {
			isa = XCBuildConfiguration;
			buildSettings = {
				"CODE_SIGN_IDENTITY[sdk=iphoneos*]" = "iPhone Developer";
				GCC_PRECOMPILE_PREFIX_HEADER = YES;
				GCC_PREFIX_HEADER = "iOSDetailViewBuilderDemo/iOSDetailViewBuilderDemo-Prefix.pch";
				INFOPLIST_FILE = "iOSDetailViewBuilderDemo/iOSDetailViewBuilderDemo-Info.plist";
				PRODUCT_NAME = "$(TARGET_NAME)";
				TARGETED_DEVICE_FAMILY = "1,2";
				WRAPPER_EXTENSION = app;
			};
			name = Debug;
		};
		46D3028D14B9280D00D473B2 /* Release */ = {
			isa = XCBuildConfiguration;
			buildSettings = {
				"CODE_SIGN_IDENTITY[sdk=iphoneos*]" = "iPhone Developer";
				GCC_PRECOMPILE_PREFIX_HEADER = YES;
				GCC_PREFIX_HEADER = "iOSDetailViewBuilderDemo/iOSDetailViewBuilderDemo-Prefix.pch";
				INFOPLIST_FILE = "iOSDetailViewBuilderDemo/iOSDetailViewBuilderDemo-Info.plist";
				OTHER_CFLAGS = "-DNS_BLOCK_ASSERTIONS=1";
				PRODUCT_NAME = "$(TARGET_NAME)";
				TARGETED_DEVICE_FAMILY = "1,2";
				WRAPPER_EXTENSION = app;
			};
			name = Release;
		};
/* End XCBuildConfiguration section */

/* Begin XCConfigurationList section */
		468BFD0114AD22A800FECB92 /* Build configuration list for PBXProject "iOSDetailViewBuilder" */ = {
			isa = XCConfigurationList;
			buildConfigurations = (
				468BFD2914AD22A800FECB92 /* Debug */,
				468BFD2A14AD22A800FECB92 /* Release */,
			);
			defaultConfigurationIsVisible = 0;
			defaultConfigurationName = Release;
		};
		468BFD2B14AD22A800FECB92 /* Build configuration list for PBXNativeTarget "iOSDetailViewBuilder" */ = {
			isa = XCConfigurationList;
			buildConfigurations = (
				468BFD2C14AD22A800FECB92 /* Debug */,
				468BFD2D14AD22A800FECB92 /* Release */,
			);
			defaultConfigurationIsVisible = 0;
			defaultConfigurationName = Release;
		};
		468BFD2E14AD22A800FECB92 /* Build configuration list for PBXNativeTarget "iOSDetailViewBuilderTests" */ = {
			isa = XCConfigurationList;
			buildConfigurations = (
				468BFD2F14AD22A800FECB92 /* Debug */,
				468BFD3014AD22A800FECB92 /* Release */,
			);
			defaultConfigurationIsVisible = 0;
			defaultConfigurationName = Release;
		};
		46D3028B14B9280D00D473B2 /* Build configuration list for PBXNativeTarget "iOSDetailViewBuilderDemo" */ = {
			isa = XCConfigurationList;
			buildConfigurations = (
				46D3028C14B9280D00D473B2 /* Debug */,
				46D3028D14B9280D00D473B2 /* Release */,
			);
			defaultConfigurationIsVisible = 0;
		};
/* End XCConfigurationList section */

/* Begin XCVersionGroup section */
		46D3028814B9280D00D473B2 /* iOSDetailViewBuilderDemo.xcdatamodeld */ = {
			isa = XCVersionGroup;
			children = (
				46D3028914B9280D00D473B2 /* iOSDetailViewBuilderDemo.xcdatamodel */,
			);
			currentVersion = 46D3028914B9280D00D473B2 /* iOSDetailViewBuilderDemo.xcdatamodel */;
			path = iOSDetailViewBuilderDemo.xcdatamodeld;
			sourceTree = "<group>";
			versionGroupType = wrapper.xcdatamodel;
		};
/* End XCVersionGroup section */
	};
	rootObject = 468BFCFE14AD22A800FECB92 /* Project object */;
}
